# This file is generated by running "yarn install" inside your project.
# Manual changes might be lost - proceed with caution!

__metadata:
  version: 10
  cacheKey: 10c0

"@sindresorhus/is@npm:^4.0.0":
  version: 4.6.0
  resolution: "@sindresorhus/is@npm:4.6.0"
  checksum: 10c0/33b6fb1d0834ec8dd7689ddc0e2781c2bfd8b9c4e4bacbcb14111e0ae00621f2c264b8a7d36541799d74888b5dccdf422a891a5cb5a709ace26325eedc81e22e
  languageName: node
  linkType: hard

"@slite/socks-proxy-agent@npm:^5.1.0":
  version: 5.1.0
  resolution: "@slite/socks-proxy-agent@npm:5.1.0"
  dependencies:
    agent-base: "npm:6"
    debug: "npm:4"
    socks: "npm:^2.3.3"
  checksum: 10c0/4eea83d406bab73e4c69ce1431241623511d41bad8d104c74d7e4b7c452e71b993053f09c60eab9c5bff7dde3eb7ef6849c0c6d73edcd85fa57ee7c1d289149c
  languageName: node
  linkType: hard

"@szmarczak/http-timer@npm:^4.0.5":
  version: 4.0.6
  resolution: "@szmarczak/http-timer@npm:4.0.6"
  dependencies:
    defer-to-connect: "npm:^2.0.0"
  checksum: 10c0/73946918c025339db68b09abd91fa3001e87fc749c619d2e9c2003a663039d4c3cb89836c98a96598b3d47dec2481284ba85355392644911f5ecd2336536697f
  languageName: node
  linkType: hard

"@types/cacheable-request@npm:^6.0.1":
  version: 6.0.3
  resolution: "@types/cacheable-request@npm:6.0.3"
  dependencies:
    "@types/http-cache-semantics": "npm:*"
    "@types/keyv": "npm:^3.1.4"
    "@types/node": "npm:*"
    "@types/responselike": "npm:^1.0.0"
  checksum: 10c0/10816a88e4e5b144d43c1d15a81003f86d649776c7f410c9b5e6579d0ad9d4ca71c541962fb403077388b446e41af7ae38d313e46692144985f006ac5e11fa03
  languageName: node
  linkType: hard

"@types/http-cache-semantics@npm:*":
  version: 4.2.0
  resolution: "@types/http-cache-semantics@npm:4.2.0"
  checksum: 10c0/82dd33cbe7d4843f1e884a251c6a12d385b62274353b9db167462e7fbffdbb3a83606f9952203017c5b8cabbd7b9eef0cf240a3a9dedd20f69875c9701939415
  languageName: node
  linkType: hard

"@types/keyv@npm:^3.1.4":
  version: 3.1.4
  resolution: "@types/keyv@npm:3.1.4"
  dependencies:
    "@types/node": "npm:*"
  checksum: 10c0/ff8f54fc49621210291f815fe5b15d809fd7d032941b3180743440bd507ecdf08b9e844625fa346af568c84bf34114eb378dcdc3e921a08ba1e2a08d7e3c809c
  languageName: node
  linkType: hard

"@types/node@npm:*":
  version: 25.9.1
  resolution: "@types/node@npm:25.9.1"
  dependencies:
    undici-types: "npm:>=7.24.0 <7.24.7"
  checksum: 10c0/9a04682842bebbcf21a1779dfeab9aa733d7bd7bbc0a0edb641ab3a9a3d43eac543225acf669c334f458f1956443ebc072bc3c72840c543b8b356cab5c82d456
  languageName: node
  linkType: hard

"@types/responselike@npm:^1.0.0":
  version: 1.0.3
  resolution: "@types/responselike@npm:1.0.3"
  dependencies:
    "@types/node": "npm:*"
  checksum: 10c0/a58ba341cb9e7d74f71810a88862da7b2a6fa42e2a1fc0ce40498f6ea1d44382f0640117057da779f74c47039f7166bf48fad02dc876f94e005c7afa50f5e129
  languageName: node
  linkType: hard

"accepts@npm:~1.3.8":
  version: 1.3.8
  resolution: "accepts@npm:1.3.8"
  dependencies:
    mime-types: "npm:~2.1.34"
    negotiator: "npm:0.6.3"
  checksum: 10c0/3a35c5f5586cfb9a21163ca47a5f77ac34fa8ceb5d17d2fa2c0d81f41cbd7f8c6fa52c77e2c039acc0f4d09e71abdc51144246900f6bef5e3c4b333f77d89362
  languageName: node
  linkType: hard

"agent-base@npm:6":
  version: 6.0.2
  resolution: "agent-base@npm:6.0.2"
  dependencies:
    debug: "npm:4"
  checksum: 10c0/dc4f757e40b5f3e3d674bc9beb4f1048f4ee83af189bae39be99f57bf1f48dde166a8b0a5342a84b5944ee8e6ed1e5a9d801858f4ad44764e84957122fe46261
  languageName: node
  linkType: hard

"array-flatten@npm:1.1.1":
  version: 1.1.1
  resolution: "array-flatten@npm:1.1.1"
  checksum: 10c0/806966c8abb2f858b08f5324d9d18d7737480610f3bd5d3498aaae6eb5efdc501a884ba019c9b4a8f02ff67002058749d05548fd42fa8643f02c9c7f22198b91
  languageName: node
  linkType: hard

"body-parser@npm:~1.20.5":
  version: 1.20.5
  resolution: "body-parser@npm:1.20.5"
  dependencies:
    bytes: "npm:~3.1.2"
    content-type: "npm:~1.0.5"
    debug: "npm:2.6.9"
    depd: "npm:2.0.0"
    destroy: "npm:~1.2.0"
    http-errors: "npm:~2.0.1"
    iconv-lite: "npm:~0.4.24"
    on-finished: "npm:~2.4.1"
    qs: "npm:~6.15.1"
    raw-body: "npm:~2.5.3"
    type-is: "npm:~1.6.18"
    unpipe: "npm:~1.0.0"
  checksum: 10c0/ad777ca5e4711eae253c93f50fdc4608c60b76a9710d79e5e5b84581c76691e6ad21ecc9158986d9ea2b365df73e403ca33c27a8bccc1a7cfc2ccc248548118d
  languageName: node
  linkType: hard

"bytes@npm:~3.1.2":
  version: 3.1.2
  resolution: "bytes@npm:3.1.2"
  checksum: 10c0/76d1c43cbd602794ad8ad2ae94095cddeb1de78c5dddaa7005c51af10b0176c69971a6d88e805a90c2b6550d76636e43c40d8427a808b8645ede885de4a0358e
  languageName: node
  linkType: hard

"cacheable-lookup@npm:^5.0.3":
  version: 5.0.4
  resolution: "cacheable-lookup@npm:5.0.4"
  checksum: 10c0/a6547fb4954b318aa831cbdd2f7b376824bc784fb1fa67610e4147099e3074726072d9af89f12efb69121415a0e1f2918a8ddd4aafcbcf4e91fbeef4a59cd42c
  languageName: node
  linkType: hard

"cacheable-request@npm:^7.0.2":
  version: 7.0.4
  resolution: "cacheable-request@npm:7.0.4"
  dependencies:
    clone-response: "npm:^1.0.2"
    get-stream: "npm:^5.1.0"
    http-cache-semantics: "npm:^4.0.0"
    keyv: "npm:^4.0.0"
    lowercase-keys: "npm:^2.0.0"
    normalize-url: "npm:^6.0.1"
    responselike: "npm:^2.0.0"
  checksum: 10c0/0834a7d17ae71a177bc34eab06de112a43f9b5ad05ebe929bec983d890a7d9f2bc5f1aa8bb67ea2b65e07a3bc74bea35fa62dd36dbac52876afe36fdcf83da41
  languageName: node
  linkType: hard

"call-bind-apply-helpers@npm:^1.0.1, call-bind-apply-helpers@npm:^1.0.2":
  version: 1.0.2
  resolution: "call-bind-apply-helpers@npm:1.0.2"
  dependencies:
    es-errors: "npm:^1.3.0"
    function-bind: "npm:^1.1.2"
  checksum: 10c0/47bd9901d57b857590431243fea704ff18078b16890a6b3e021e12d279bbf211d039155e27d7566b374d49ee1f8189344bac9833dec7a20cdec370506361c938
  languageName: node
  linkType: hard

"call-bound@npm:^1.0.2":
  version: 1.0.4
  resolution: "call-bound@npm:1.0.4"
  dependencies:
    call-bind-apply-helpers: "npm:^1.0.2"
    get-intrinsic: "npm:^1.3.0"
  checksum: 10c0/f4796a6a0941e71c766aea672f63b72bc61234c4f4964dc6d7606e3664c307e7d77845328a8f3359ce39ddb377fed67318f9ee203dea1d47e46165dcf2917644
  languageName: node
  linkType: hard

"clone-response@npm:^1.0.2":
  version: 1.0.3
  resolution: "clone-response@npm:1.0.3"
  dependencies:
    mimic-response: "npm:^1.0.0"
  checksum: 10c0/06a2b611824efb128810708baee3bd169ec9a1bf5976a5258cd7eb3f7db25f00166c6eee5961f075c7e38e194f373d4fdf86b8166ad5b9c7e82bbd2e333a6087
  languageName: node
  linkType: hard

"content-disposition@npm:~0.5.4":
  version: 0.5.4
  resolution: "content-disposition@npm:0.5.4"
  dependencies:
    safe-buffer: "npm:5.2.1"
  checksum: 10c0/bac0316ebfeacb8f381b38285dc691c9939bf0a78b0b7c2d5758acadad242d04783cee5337ba7d12a565a19075af1b3c11c728e1e4946de73c6ff7ce45f3f1bb
  languageName: node
  linkType: hard

"content-type@npm:~1.0.4, content-type@npm:~1.0.5":
  version: 1.0.5
  resolution: "content-type@npm:1.0.5"
  checksum: 10c0/b76ebed15c000aee4678c3707e0860cb6abd4e680a598c0a26e17f0bfae723ec9cc2802f0ff1bc6e4d80603719010431d2231018373d4dde10f9ccff9dadf5af
  languageName: node
  linkType: hard

"cookie-signature@npm:~1.0.6":
  version: 1.0.7
  resolution: "cookie-signature@npm:1.0.7"
  checksum: 10c0/e7731ad2995ae2efeed6435ec1e22cdd21afef29d300c27281438b1eab2bae04ef0d1a203928c0afec2cee72aa36540b8747406ebe308ad23c8e8cc3c26c9c51
  languageName: node
  linkType: hard

"cookie@npm:~0.7.1":
  version: 0.7.2
  resolution: "cookie@npm:0.7.2"
  checksum: 10c0/9596e8ccdbf1a3a88ae02cf5ee80c1c50959423e1022e4e60b91dd87c622af1da309253d8abdb258fb5e3eacb4f08e579dc58b4897b8087574eee0fd35dfa5d2
  languageName: node
  linkType: hard

"debug@npm:2.6.9":
  version: 2.6.9
  resolution: "debug@npm:2.6.9"
  dependencies:
    ms: "npm:2.0.0"
  checksum: 10c0/121908fb839f7801180b69a7e218a40b5a0b718813b886b7d6bdb82001b931c938e2941d1e4450f33a1b1df1da653f5f7a0440c197f29fbf8a6e9d45ff6ef589
  languageName: node
  linkType: hard

"debug@npm:4":
  version: 4.4.3
  resolution: "debug@npm:4.4.3"
  dependencies:
    ms: "npm:^2.1.3"
  peerDependenciesMeta:
    supports-color:
      optional: true
  checksum: 10c0/d79136ec6c83ecbefd0f6a5593da6a9c91ec4d7ddc4b54c883d6e71ec9accb5f67a1a5e96d00a328196b5b5c86d365e98d8a3a70856aaf16b4e7b1985e67f5a6
  languageName: node
  linkType: hard

"decompress-response@npm:^6.0.0":
  version: 6.0.0
  resolution: "decompress-response@npm:6.0.0"
  dependencies:
    mimic-response: "npm:^3.1.0"
  checksum: 10c0/bd89d23141b96d80577e70c54fb226b2f40e74a6817652b80a116d7befb8758261ad073a8895648a29cc0a5947021ab66705cb542fa9c143c82022b27c5b175e
  languageName: node
  linkType: hard

"defer-to-connect@npm:^2.0.0":
  version: 2.0.1
  resolution: "defer-to-connect@npm:2.0.1"
  checksum: 10c0/625ce28e1b5ad10cf77057b9a6a727bf84780c17660f6644dab61dd34c23de3001f03cedc401f7d30a4ed9965c2e8a7336e220a329146f2cf85d4eddea429782
  languageName: node
  linkType: hard

"depd@npm:2.0.0, depd@npm:~2.0.0":
  version: 2.0.0
  resolution: "depd@npm:2.0.0"
  checksum: 10c0/58bd06ec20e19529b06f7ad07ddab60e504d9e0faca4bd23079fac2d279c3594334d736508dc350e06e510aba5e22e4594483b3a6562ce7c17dd797f4cc4ad2c
  languageName: node
  linkType: hard

"destroy@npm:1.2.0, destroy@npm:~1.2.0":
  version: 1.2.0
  resolution: "destroy@npm:1.2.0"
  checksum: 10c0/bd7633942f57418f5a3b80d5cb53898127bcf53e24cdf5d5f4396be471417671f0fee48a4ebe9a1e9defbde2a31280011af58a57e090ff822f589b443ed4e643
  languageName: node
  linkType: hard

"dunder-proto@npm:^1.0.1":
  version: 1.0.1
  resolution: "dunder-proto@npm:1.0.1"
  dependencies:
    call-bind-apply-helpers: "npm:^1.0.1"
    es-errors: "npm:^1.3.0"
    gopd: "npm:^1.2.0"
  checksum: 10c0/199f2a0c1c16593ca0a145dbf76a962f8033ce3129f01284d48c45ed4e14fea9bbacd7b3610b6cdc33486cef20385ac054948fefc6272fcce645c09468f93031
  languageName: node
  linkType: hard

"ee-first@npm:1.1.1":
  version: 1.1.1
  resolution: "ee-first@npm:1.1.1"
  checksum: 10c0/b5bb125ee93161bc16bfe6e56c6b04de5ad2aa44234d8f644813cc95d861a6910903132b05093706de2b706599367c4130eb6d170f6b46895686b95f87d017b7
  languageName: node
  linkType: hard

"encodeurl@npm:~2.0.0":
  version: 2.0.0
  resolution: "encodeurl@npm:2.0.0"
  checksum: 10c0/5d317306acb13e6590e28e27924c754163946a2480de11865c991a3a7eed4315cd3fba378b543ca145829569eefe9b899f3d84bb09870f675ae60bc924b01ceb
  languageName: node
  linkType: hard

"end-of-stream@npm:^1.1.0":
  version: 1.4.5
  resolution: "end-of-stream@npm:1.4.5"
  dependencies:
    once: "npm:^1.4.0"
  checksum: 10c0/b0701c92a10b89afb1cb45bf54a5292c6f008d744eb4382fa559d54775ff31617d1d7bc3ef617575f552e24fad2c7c1a1835948c66b3f3a4be0a6c1f35c883d8
  languageName: node
  linkType: hard

"es-define-property@npm:^1.0.1":
  version: 1.0.1
  resolution: "es-define-property@npm:1.0.1"
  checksum: 10c0/3f54eb49c16c18707949ff25a1456728c883e81259f045003499efba399c08bad00deebf65cccde8c0e07908c1a225c9d472b7107e558f2a48e28d530e34527c
  languageName: node
  linkType: hard

"es-errors@npm:^1.3.0":
  version: 1.3.0
  resolution: "es-errors@npm:1.3.0"
  checksum: 10c0/0a61325670072f98d8ae3b914edab3559b6caa980f08054a3b872052640d91da01d38df55df797fcc916389d77fc92b8d5906cf028f4db46d7e3003abecbca85
  languageName: node
  linkType: hard

"es-object-atoms@npm:^1.0.0, es-object-atoms@npm:^1.1.1":
  version: 1.1.2
  resolution: "es-object-atoms@npm:1.1.2"
  dependencies:
    es-errors: "npm:^1.3.0"
  checksum: 10c0/1772861f094f739d6f41b579cfb9a18579daffeb434552a370a5fbef50a32d22227e27b63fdbb757b7ddd429d1b42fe52ccae7966d9302a2ec221b6f1b41bbc4
  languageName: node
  linkType: hard

"escape-html@npm:~1.0.3":
  version: 1.0.3
  resolution: "escape-html@npm:1.0.3"
  checksum: 10c0/524c739d776b36c3d29fa08a22e03e8824e3b2fd57500e5e44ecf3cc4707c34c60f9ca0781c0e33d191f2991161504c295e98f68c78fe7baa6e57081ec6ac0a3
  languageName: node
  linkType: hard

"etag@npm:~1.8.1":
  version: 1.8.1
  resolution: "etag@npm:1.8.1"
  checksum: 10c0/12be11ef62fb9817314d790089a0a49fae4e1b50594135dcb8076312b7d7e470884b5100d249b28c18581b7fd52f8b485689ffae22a11ed9ec17377a33a08f84
  languageName: node
  linkType: hard

"express@npm:^4.22.1":
  version: 4.22.2
  resolution: "express@npm:4.22.2"
  dependencies:
    accepts: "npm:~1.3.8"
    array-flatten: "npm:1.1.1"
    body-parser: "npm:~1.20.5"
    content-disposition: "npm:~0.5.4"
    content-type: "npm:~1.0.4"
    cookie: "npm:~0.7.1"
    cookie-signature: "npm:~1.0.6"
    debug: "npm:2.6.9"
    depd: "npm:2.0.0"
    encodeurl: "npm:~2.0.0"
    escape-html: "npm:~1.0.3"
    etag: "npm:~1.8.1"
    finalhandler: "npm:~1.3.1"
    fresh: "npm:~0.5.2"
    http-errors: "npm:~2.0.0"
    merge-descriptors: "npm:1.0.3"
    methods: "npm:~1.1.2"
    on-finished: "npm:~2.4.1"
    parseurl: "npm:~1.3.3"
    path-to-regexp: "npm:~0.1.12"
    proxy-addr: "npm:~2.0.7"
    qs: "npm:~6.15.1"
    range-parser: "npm:~1.2.1"
    safe-buffer: "npm:5.2.1"
    send: "npm:~0.19.0"
    serve-static: "npm:~1.16.2"
    setprototypeof: "npm:1.2.0"
    statuses: "npm:~2.0.1"
    type-is: "npm:~1.6.18"
    utils-merge: "npm:1.0.1"
    vary: "npm:~1.1.2"
  checksum: 10c0/d06dd4379fd217440b30f8abbe45f0e74931114c1395034f03e7d635196ecdab530d4835a1962a6aa34838d61967dc6f1f77846999bba3032373e9e714222c44
  languageName: node
  linkType: hard

"finalhandler@npm:~1.3.1":
  version: 1.3.2
  resolution: "finalhandler@npm:1.3.2"
  dependencies:
    debug: "npm:2.6.9"
    encodeurl: "npm:~2.0.0"
    escape-html: "npm:~1.0.3"
    on-finished: "npm:~2.4.1"
    parseurl: "npm:~1.3.3"
    statuses: "npm:~2.0.2"
    unpipe: "npm:~1.0.0"
  checksum: 10c0/435a4fd65e4e4e4c71bb5474980090b73c353a123dd415583f67836bdd6516e528cf07298e219a82b94631dee7830eae5eece38d3c178073cf7df4e8c182f413
  languageName: node
  linkType: hard

"forwarded@npm:0.2.0":
  version: 0.2.0
  resolution: "forwarded@npm:0.2.0"
  checksum: 10c0/9b67c3fac86acdbc9ae47ba1ddd5f2f81526fa4c8226863ede5600a3f7c7416ef451f6f1e240a3cc32d0fd79fcfe6beb08fd0da454f360032bde70bf80afbb33
  languageName: node
  linkType: hard

"fresh@npm:~0.5.2":
  version: 0.5.2
  resolution: "fresh@npm:0.5.2"
  checksum: 10c0/c6d27f3ed86cc5b601404822f31c900dd165ba63fff8152a3ef714e2012e7535027063bc67ded4cb5b3a49fa596495d46cacd9f47d6328459cf570f08b7d9e5a
  languageName: node
  linkType: hard

"function-bind@npm:^1.1.2":
  version: 1.1.2
  resolution: "function-bind@npm:1.1.2"
  checksum: 10c0/d8680ee1e5fcd4c197e4ac33b2b4dce03c71f4d91717292785703db200f5c21f977c568d28061226f9b5900cbcd2c84463646134fd5337e7925e0942bc3f46d5
  languageName: node
  linkType: hard

"get-intrinsic@npm:^1.2.5, get-intrinsic@npm:^1.3.0":
  version: 1.3.0
  resolution: "get-intrinsic@npm:1.3.0"
  dependencies:
    call-bind-apply-helpers: "npm:^1.0.2"
    es-define-property: "npm:^1.0.1"
    es-errors: "npm:^1.3.0"
    es-object-atoms: "npm:^1.1.1"
    function-bind: "npm:^1.1.2"
    get-proto: "npm:^1.0.1"
    gopd: "npm:^1.2.0"
    has-symbols: "npm:^1.1.0"
    hasown: "npm:^2.0.2"
    math-intrinsics: "npm:^1.1.0"
  checksum: 10c0/52c81808af9a8130f581e6a6a83e1ba4a9f703359e7a438d1369a5267a25412322f03dcbd7c549edaef0b6214a0630a28511d7df0130c93cfd380f4fa0b5b66a
  languageName: node
  linkType: hard

"get-proto@npm:^1.0.1":
  version: 1.0.1
  resolution: "get-proto@npm:1.0.1"
  dependencies:
    dunder-proto: "npm:^1.0.1"
    es-object-atoms: "npm:^1.0.0"
  checksum: 10c0/9224acb44603c5526955e83510b9da41baf6ae73f7398875fba50edc5e944223a89c4a72b070fcd78beb5f7bdda58ecb6294adc28f7acfc0da05f76a2399643c
  languageName: node
  linkType: hard

"get-stream@npm:^5.1.0":
  version: 5.2.0
  resolution: "get-stream@npm:5.2.0"
  dependencies:
    pump: "npm:^3.0.0"
  checksum: 10c0/43797ffd815fbb26685bf188c8cfebecb8af87b3925091dd7b9a9c915993293d78e3c9e1bce125928ff92f2d0796f3889b92b5ec6d58d1041b574682132e0a80
  languageName: node
  linkType: hard

"gopd@npm:^1.2.0":
  version: 1.2.0
  resolution: "gopd@npm:1.2.0"
  checksum: 10c0/50fff1e04ba2b7737c097358534eacadad1e68d24cccee3272e04e007bed008e68d2614f3987788428fd192a5ae3889d08fb2331417e4fc4a9ab366b2043cead
  languageName: node
  linkType: hard

"got@npm:^11.8.1":
  version: 11.8.6
  resolution: "got@npm:11.8.6"
  dependencies:
    "@sindresorhus/is": "npm:^4.0.0"
    "@szmarczak/http-timer": "npm:^4.0.5"
    "@types/cacheable-request": "npm:^6.0.1"
    "@types/responselike": "npm:^1.0.0"
    cacheable-lookup: "npm:^5.0.3"
    cacheable-request: "npm:^7.0.2"
    decompress-response: "npm:^6.0.0"
    http2-wrapper: "npm:^1.0.0-beta.5.2"
    lowercase-keys: "npm:^2.0.0"
    p-cancelable: "npm:^2.0.0"
    responselike: "npm:^2.0.0"
  checksum: 10c0/754dd44877e5cf6183f1e989ff01c648d9a4719e357457bd4c78943911168881f1cfb7b2cb15d885e2105b3ad313adb8f017a67265dd7ade771afdb261ee8cb1
  languageName: node
  linkType: hard

"has-symbols@npm:^1.1.0":
  version: 1.1.0
  resolution: "has-symbols@npm:1.1.0"
  checksum: 10c0/dde0a734b17ae51e84b10986e651c664379018d10b91b6b0e9b293eddb32f0f069688c841fb40f19e9611546130153e0a2a48fd7f512891fb000ddfa36f5a20e
  languageName: node
  linkType: hard

"hasown@npm:^2.0.2":
  version: 2.0.3
  resolution: "hasown@npm:2.0.3"
  dependencies:
    function-bind: "npm:^1.1.2"
  checksum: 10c0/f5eb28c3fd0d3e4facd821c1eeee3836c37b70ab0b0fc532e8a39976e18fef43652415dadc52f8c7a5ff6d5ac93b7bef128789aa6f90f4e9b9a9083dce74ab38
  languageName: node
  linkType: hard

"http-cache-semantics@npm:^4.0.0":
  version: 4.2.0
  resolution: "http-cache-semantics@npm:4.2.0"
  checksum: 10c0/45b66a945cf13ec2d1f29432277201313babf4a01d9e52f44b31ca923434083afeca03f18417f599c9ab3d0e7b618ceb21257542338b57c54b710463b4a53e37
  languageName: node
  linkType: hard

"http-errors@npm:~2.0.0, http-errors@npm:~2.0.1":
  version: 2.0.1
  resolution: "http-errors@npm:2.0.1"
  dependencies:
    depd: "npm:~2.0.0"
    inherits: "npm:~2.0.4"
    setprototypeof: "npm:~1.2.0"
    statuses: "npm:~2.0.2"
    toidentifier: "npm:~1.0.1"
  checksum: 10c0/fb38906cef4f5c83952d97661fe14dc156cb59fe54812a42cd448fa57b5c5dfcb38a40a916957737bd6b87aab257c0648d63eb5b6a9ca9f548e105b6072712d4
  languageName: node
  linkType: hard

"http2-wrapper@npm:^1.0.0-beta.5.2":
  version: 1.0.3
  resolution: "http2-wrapper@npm:1.0.3"
  dependencies:
    quick-lru: "npm:^5.1.1"
    resolve-alpn: "npm:^1.0.0"
  checksum: 10c0/6a9b72a033e9812e1476b9d776ce2f387bc94bc46c88aea0d5dab6bd47d0a539b8178830e77054dd26d1142c866d515a28a4dc7c3ff4232c88ff2ebe4f5d12d1
  languageName: node
  linkType: hard

"iconv-lite@npm:~0.4.24":
  version: 0.4.24
  resolution: "iconv-lite@npm:0.4.24"
  dependencies:
    safer-buffer: "npm:>= 2.1.2 < 3"
  checksum: 10c0/c6886a24cc00f2a059767440ec1bc00d334a89f250db8e0f7feb4961c8727118457e27c495ba94d082e51d3baca378726cd110aaf7ded8b9bbfd6a44760cf1d4
  languageName: node
  linkType: hard

"inherits@npm:~2.0.4":
  version: 2.0.4
  resolution: "inherits@npm:2.0.4"
  checksum: 10c0/4e531f648b29039fb7426fb94075e6545faa1eb9fe83c29f0b6d9e7263aceb4289d2d4557db0d428188eeb449cc7c5e77b0a0b2c4e248ff2a65933a0dee49ef2
  languageName: node
  linkType: hard

"ip-address@npm:^10.1.1":
  version: 10.5.0
  resolution: "ip-address@npm:10.5.0"
  checksum: 10c0/c6616bc99c90b552dad2beb850ca697c1ea3e2b89662d652a4439cd72a549b0c9af100a54be0d25be86599e2b089db87ef5303157d142e5b4c21bd2a1301dfa7
  languageName: node
  linkType: hard

"ipaddr.js@npm:1.9.1":
  version: 1.9.1
  resolution: "ipaddr.js@npm:1.9.1"
  checksum: 10c0/0486e775047971d3fdb5fb4f063829bac45af299ae0b82dcf3afa2145338e08290563a2a70f34b732d795ecc8311902e541a8530eeb30d75860a78ff4e94ce2a
  languageName: node
  linkType: hard

"json-buffer@npm:3.0.1":
  version: 3.0.1
  resolution: "json-buffer@npm:3.0.1"
  checksum: 10c0/0d1c91569d9588e7eef2b49b59851f297f3ab93c7b35c7c221e288099322be6b562767d11e4821da500f3219542b9afd2e54c5dc573107c1126ed1080f8e96d7
  languageName: node
  linkType: hard

"keyv@npm:^4.0.0":
  version: 4.5.4
  resolution: "keyv@npm:4.5.4"
  dependencies:
    json-buffer: "npm:3.0.1"
  checksum: 10c0/aa52f3c5e18e16bb6324876bb8b59dd02acf782a4b789c7b2ae21107fab95fab3890ed448d4f8dba80ce05391eeac4bfabb4f02a20221342982f806fa2cf271e
  languageName: node
  linkType: hard

"lowercase-keys@npm:^2.0.0":
  version: 2.0.0
  resolution: "lowercase-keys@npm:2.0.0"
  checksum: 10c0/f82a2b3568910509da4b7906362efa40f5b54ea14c2584778ddb313226f9cbf21020a5db35f9b9a0e95847a9b781d548601f31793d736b22a2b8ae8eb9ab1082
  languageName: node
  linkType: hard

"math-intrinsics@npm:^1.1.0":
  version: 1.1.0
  resolution: "math-intrinsics@npm:1.1.0"
  checksum: 10c0/7579ff94e899e2f76ab64491d76cf606274c874d8f2af4a442c016bd85688927fcfca157ba6bf74b08e9439dc010b248ce05b96cc7c126a354c3bae7fcb48b7f
  languageName: node
  linkType: hard

"media-typer@npm:0.3.0":
  version: 0.3.0
  resolution: "media-typer@npm:0.3.0"
  checksum: 10c0/d160f31246907e79fed398470285f21bafb45a62869dc469b1c8877f3f064f5eabc4bcc122f9479b8b605bc5c76187d7871cf84c4ee3ecd3e487da1993279928
  languageName: node
  linkType: hard

"merge-descriptors@npm:1.0.3":
  version: 1.0.3
  resolution: "merge-descriptors@npm:1.0.3"
  checksum: 10c0/866b7094afd9293b5ea5dcd82d71f80e51514bed33b4c4e9f516795dc366612a4cbb4dc94356e943a8a6914889a914530badff27f397191b9b75cda20b6bae93
  languageName: node
  linkType: hard

"methods@npm:~1.1.2":
  version: 1.1.2
  resolution: "methods@npm:1.1.2"
  checksum: 10c0/bdf7cc72ff0a33e3eede03708c08983c4d7a173f91348b4b1e4f47d4cdbf734433ad971e7d1e8c77247d9e5cd8adb81ea4c67b0a2db526b758b2233d7814b8b2
  languageName: node
  linkType: hard

"mime-db@npm:1.52.0":
  version: 1.52.0
  resolution: "mime-db@npm:1.52.0"
  checksum: 10c0/0557a01deebf45ac5f5777fe7740b2a5c309c6d62d40ceab4e23da9f821899ce7a900b7ac8157d4548ddbb7beffe9abc621250e6d182b0397ec7f10c7b91a5aa
  languageName: node
  linkType: hard

"mime-types@npm:~2.1.24, mime-types@npm:~2.1.34":
  version: 2.1.35
  resolution: "mime-types@npm:2.1.35"
  dependencies:
    mime-db: "npm:1.52.0"
  checksum: 10c0/82fb07ec56d8ff1fc999a84f2f217aa46cb6ed1033fefaabd5785b9a974ed225c90dc72fff460259e66b95b73648596dbcc50d51ed69cdf464af2d237d3149b2
  languageName: node
  linkType: hard

"mime@npm:1.6.0":
  version: 1.6.0
  resolution: "mime@npm:1.6.0"
  bin:
    mime: cli.js
  checksum: 10c0/b92cd0adc44888c7135a185bfd0dddc42c32606401c72896a842ae15da71eb88858f17669af41e498b463cd7eb998f7b48939a25b08374c7924a9c8a6f8a81b0
  languageName: node
  linkType: hard

"mimic-response@npm:^1.0.0":
  version: 1.0.1
  resolution: "mimic-response@npm:1.0.1"
  checksum: 10c0/c5381a5eae997f1c3b5e90ca7f209ed58c3615caeee850e85329c598f0c000ae7bec40196580eef1781c60c709f47258131dab237cad8786f8f56750594f27fa
  languageName: node
  linkType: hard

"mimic-response@npm:^3.1.0":
  version: 3.1.0
  resolution: "mimic-response@npm:3.1.0"
  checksum: 10c0/0d6f07ce6e03e9e4445bee655202153bdb8a98d67ee8dc965ac140900d7a2688343e6b4c9a72cfc9ef2f7944dfd76eef4ab2482eb7b293a68b84916bac735362
  languageName: node
  linkType: hard

"ms@npm:2.0.0":
  version: 2.0.0
  resolution: "ms@npm:2.0.0"
  checksum: 10c0/f8fda810b39fd7255bbdc451c46286e549794fcc700dc9cd1d25658bbc4dc2563a5de6fe7c60f798a16a60c6ceb53f033cb353f493f0cf63e5199b702943159d
  languageName: node
  linkType: hard

"ms@npm:2.1.3, ms@npm:^2.1.3":
  version: 2.1.3
  resolution: "ms@npm:2.1.3"
  checksum: 10c0/d924b57e7312b3b63ad21fc5b3dc0af5e78d61a1fc7cfb5457edaf26326bf62be5307cc87ffb6862ef1c2b33b0233cdb5d4f01c4c958cc0d660948b65a287a48
  languageName: node
  linkType: hard

"negotiator@npm:0.6.3":
  version: 0.6.3
  resolution: "negotiator@npm:0.6.3"
  checksum: 10c0/3ec9fd413e7bf071c937ae60d572bc67155262068ed522cf4b3be5edbe6ddf67d095ec03a3a14ebf8fc8e95f8e1d61be4869db0dbb0de696f6b837358bd43fc2
  languageName: node
  linkType: hard

"normalize-url@npm:^6.0.1":
  version: 6.1.0
  resolution: "normalize-url@npm:6.1.0"
  checksum: 10c0/95d948f9bdd2cfde91aa786d1816ae40f8262946e13700bf6628105994fe0ff361662c20af3961161c38a119dc977adeb41fc0b41b1745eb77edaaf9cb22db23
  languageName: node
  linkType: hard

"object-inspect@npm:^1.13.3, object-inspect@npm:^1.13.4":
  version: 1.13.4
  resolution: "object-inspect@npm:1.13.4"
  checksum: 10c0/d7f8711e803b96ea3191c745d6f8056ce1f2496e530e6a19a0e92d89b0fa3c76d910c31f0aa270432db6bd3b2f85500a376a83aaba849a8d518c8845b3211692
  languageName: node
  linkType: hard

"on-finished@npm:~2.4.1":
  version: 2.4.1
  resolution: "on-finished@npm:2.4.1"
  dependencies:
    ee-first: "npm:1.1.1"
  checksum: 10c0/46fb11b9063782f2d9968863d9cbba33d77aa13c17f895f56129c274318b86500b22af3a160fe9995aa41317efcd22941b6eba747f718ced08d9a73afdb087b4
  languageName: node
  linkType: hard

"once@npm:^1.3.1, once@npm:^1.4.0":
  version: 1.4.0
  resolution: "once@npm:1.4.0"
  dependencies:
    wrappy: "npm:1"
  checksum: 10c0/5d48aca287dfefabd756621c5dfce5c91a549a93e9fdb7b8246bc4c4790aa2ec17b34a260530474635147aeb631a2dcc8b32c613df0675f96041cbb8244517d0
  languageName: node
  linkType: hard

"p-cancelable@npm:^2.0.0":
  version: 2.1.1
  resolution: "p-cancelable@npm:2.1.1"
  checksum: 10c0/8c6dc1f8dd4154fd8b96a10e55a3a832684c4365fb9108056d89e79fbf21a2465027c04a59d0d797b5ffe10b54a61a32043af287d5c4860f1e996cbdbc847f01
  languageName: node
  linkType: hard

"parseurl@npm:~1.3.3":
  version: 1.3.3
  resolution: "parseurl@npm:1.3.3"
  checksum: 10c0/90dd4760d6f6174adb9f20cf0965ae12e23879b5f5464f38e92fce8073354341e4b3b76fa3d878351efe7d01e617121955284cfd002ab087fba1a0726ec0b4f5
  languageName: node
  linkType: hard

"path-to-regexp@npm:0.1.13":
  version: 0.1.13
  resolution: "path-to-regexp@npm:0.1.13"
  checksum: 10c0/1cae3921739c154a8926e136185a10c916f79a249b9072a5001b266d96e193860ca03867e8e8cc808b786862d750f427ed93686bc259355442c3407a62deab1a
  languageName: node
  linkType: hard

"proxy-addr@npm:~2.0.7":
  version: 2.0.7
  resolution: "proxy-addr@npm:2.0.7"
  dependencies:
    forwarded: "npm:0.2.0"
    ipaddr.js: "npm:1.9.1"
  checksum: 10c0/c3eed999781a35f7fd935f398b6d8920b6fb00bbc14287bc6de78128ccc1a02c89b95b56742bf7cf0362cc333c61d138532049c7dedc7a328ef13343eff81210
  languageName: node
  linkType: hard

"pump@npm:^3.0.0":
  version: 3.0.4
  resolution: "pump@npm:3.0.4"
  dependencies:
    end-of-stream: "npm:^1.1.0"
    once: "npm:^1.3.1"
  checksum: 10c0/2780e66b5471c19e3e3e1063b84f3f6a3a08367f24c5ed552f98cd5901e6ada27c7ad6495d4244f553fd03b01884a4561933064f053f47c8994d84fd352768ea
  languageName: node
  linkType: hard

"qs@npm:~6.15.1":
  version: 6.15.2
  resolution: "qs@npm:6.15.2"
  dependencies:
    side-channel: "npm:^1.1.0"
  checksum: 10c0/e6fd5f6f0aab06d480fe9ab15cebfc4ce4235303e2f91dc69a8f7f4df1e668a61c11d1cfbabacf4295cbbeb7b670ed23db45307480726259761f98e5695e93a7
  languageName: node
  linkType: hard

"quick-lru@npm:^5.1.1":
  version: 5.1.1
  resolution: "quick-lru@npm:5.1.1"
  checksum: 10c0/a24cba5da8cec30d70d2484be37622580f64765fb6390a928b17f60cd69e8dbd32a954b3ff9176fa1b86d86ff2ba05252fae55dc4d40d0291c60412b0ad096da
  languageName: node
  linkType: hard

"range-parser@npm:~1.2.1":
  version: 1.2.1
  resolution: "range-parser@npm:1.2.1"
  checksum: 10c0/96c032ac2475c8027b7a4e9fe22dc0dfe0f6d90b85e496e0f016fbdb99d6d066de0112e680805075bd989905e2123b3b3d002765149294dce0c1f7f01fcc2ea0
  languageName: node
  linkType: hard

"raw-body@npm:~2.5.3":
  version: 2.5.3
  resolution: "raw-body@npm:2.5.3"
  dependencies:
    bytes: "npm:~3.1.2"
    http-errors: "npm:~2.0.1"
    iconv-lite: "npm:~0.4.24"
    unpipe: "npm:~1.0.0"
  checksum: 10c0/449844344fc90547fb994383a494b83300e4f22199f146a79f68d78a199a8f2a923ea9fd29c3be979bfd50291a3884733619ffc15ba02a32e703b612f8d3f74a
  languageName: node
  linkType: hard

"resolve-alpn@npm:^1.0.0":
  version: 1.2.1
  resolution: "resolve-alpn@npm:1.2.1"
  checksum: 10c0/b70b29c1843bc39781ef946c8cd4482e6d425976599c0f9c138cec8209e4e0736161bf39319b01676a847000085dfdaf63583c6fb4427bf751a10635bd2aa0c4
  languageName: node
  linkType: hard

"responselike@npm:^2.0.0":
  version: 2.0.1
  resolution: "responselike@npm:2.0.1"
  dependencies:
    lowercase-keys: "npm:^2.0.0"
  checksum: 10c0/360b6deb5f101a9f8a4174f7837c523c3ec78b7ca8a7c1d45a1062b303659308a23757e318b1e91ed8684ad1205721142dd664d94771cd63499353fd4ee732b5
  languageName: node
  linkType: hard

"root-workspace-0b6124@workspace:.":
  version: 0.0.0-use.local
  resolution: "root-workspace-0b6124@workspace:."
  dependencies:
    "@slite/socks-proxy-agent": "npm:^5.1.0"
    express: "npm:^4.22.1"
    got: "npm:^11.8.1"
  languageName: unknown
  linkType: soft

"safe-buffer@npm:5.2.1":
  version: 5.2.1
  resolution: "safe-buffer@npm:5.2.1"
  checksum: 10c0/6501914237c0a86e9675d4e51d89ca3c21ffd6a31642efeba25ad65720bce6921c9e7e974e5be91a786b25aa058b5303285d3c15dbabf983a919f5f630d349f3
  languageName: node
  linkType: hard

"safer-buffer@npm:>= 2.1.2 < 3":
  version: 2.1.2
  resolution: "safer-buffer@npm:2.1.2"
  checksum: 10c0/7e3c8b2e88a1841c9671094bbaeebd94448111dd90a81a1f606f3f67708a6ec57763b3b47f06da09fc6054193e0e6709e77325415dc8422b04497a8070fa02d4
  languageName: node
  linkType: hard

"send@npm:~0.19.0, send@npm:~0.19.1":
  version: 0.19.2
  resolution: "send@npm:0.19.2"
  dependencies:
    debug: "npm:2.6.9"
    depd: "npm:2.0.0"
    destroy: "npm:1.2.0"
    encodeurl: "npm:~2.0.0"
    escape-html: "npm:~1.0.3"
    etag: "npm:~1.8.1"
    fresh: "npm:~0.5.2"
    http-errors: "npm:~2.0.1"
    mime: "npm:1.6.0"
    ms: "npm:2.1.3"
    on-finished: "npm:~2.4.1"
    range-parser: "npm:~1.2.1"
    statuses: "npm:~2.0.2"
  checksum: 10c0/20c2389fe0fdf3fc499938cac598bc32272287e993c4960717381a10de8550028feadfb9076f959a3a3ebdea42e1f690e116f0d16468fa56b9fd41866d3dc267
  languageName: node
  linkType: hard

"serve-static@npm:~1.16.2":
  version: 1.16.3
  resolution: "serve-static@npm:1.16.3"
  dependencies:
    encodeurl: "npm:~2.0.0"
    escape-html: "npm:~1.0.3"
    parseurl: "npm:~1.3.3"
    send: "npm:~0.19.1"
  checksum: 10c0/36320397a073c71bedf58af48a4a100fe6d93f07459af4d6f08b9a7217c04ce2a4939e0effd842dc7bece93ffcd59eb52f58c4fff2a8e002dc29ae6b219cd42b
  languageName: node
  linkType: hard

"setprototypeof@npm:1.2.0, setprototypeof@npm:~1.2.0":
  version: 1.2.0
  resolution: "setprototypeof@npm:1.2.0"
  checksum: 10c0/68733173026766fa0d9ecaeb07f0483f4c2dc70ca376b3b7c40b7cda909f94b0918f6c5ad5ce27a9160bdfb475efaa9d5e705a11d8eaae18f9835d20976028bc
  languageName: node
  linkType: hard

"side-channel-list@npm:^1.0.0":
  version: 1.0.1
  resolution: "side-channel-list@npm:1.0.1"
  dependencies:
    es-errors: "npm:^1.3.0"
    object-inspect: "npm:^1.13.4"
  checksum: 10c0/d346c787fd2f9f1c2fdea14f00e8250118db0e7596d85a6cb9faa75f105d31a73a8f7a341c93d7df2a2429098c3d37a77bd3be9e88c37094b8c01807bc77c7a2
  languageName: node
  linkType: hard

"side-channel-map@npm:^1.0.1":
  version: 1.0.1
  resolution: "side-channel-map@npm:1.0.1"
  dependencies:
    call-bound: "npm:^1.0.2"
    es-errors: "npm:^1.3.0"
    get-intrinsic: "npm:^1.2.5"
    object-inspect: "npm:^1.13.3"
  checksum: 10c0/010584e6444dd8a20b85bc926d934424bd809e1a3af941cace229f7fdcb751aada0fb7164f60c2e22292b7fa3c0ff0bce237081fd4cdbc80de1dc68e95430672
  languageName: node
  linkType: hard

"side-channel-weakmap@npm:^1.0.2":
  version: 1.0.2
  resolution: "side-channel-weakmap@npm:1.0.2"
  dependencies:
    call-bound: "npm:^1.0.2"
    es-errors: "npm:^1.3.0"
    get-intrinsic: "npm:^1.2.5"
    object-inspect: "npm:^1.13.3"
    side-channel-map: "npm:^1.0.1"
  checksum: 10c0/71362709ac233e08807ccd980101c3e2d7efe849edc51455030327b059f6c4d292c237f94dc0685031dd11c07dd17a68afde235d6cf2102d949567f98ab58185
  languageName: node
  linkType: hard

"side-channel@npm:^1.1.0":
  version: 1.1.0
  resolution: "side-channel@npm:1.1.0"
  dependencies:
    es-errors: "npm:^1.3.0"
    object-inspect: "npm:^1.13.3"
    side-channel-list: "npm:^1.0.0"
    side-channel-map: "npm:^1.0.1"
    side-channel-weakmap: "npm:^1.0.2"
  checksum: 10c0/cb20dad41eb032e6c24c0982e1e5a24963a28aa6122b4f05b3f3d6bf8ae7fd5474ef382c8f54a6a3ab86e0cac4d41a23bd64ede3970e5bfb50326ba02a7996e6
  languageName: node
  linkType: hard

"smart-buffer@npm:^4.2.0":
  version: 4.2.0
  resolution: "smart-buffer@npm:4.2.0"
  checksum: 10c0/a16775323e1404dd43fabafe7460be13a471e021637bc7889468eb45ce6a6b207261f454e4e530a19500cc962c4cc5348583520843b363f4193cee5c00e1e539
  languageName: node
  linkType: hard

"socks@npm:^2.3.3":
  version: 2.8.9
  resolution: "socks@npm:2.8.9"
  dependencies:
    ip-address: "npm:^10.1.1"
    smart-buffer: "npm:^4.2.0"
  checksum: 10c0/2d4350c31142b0931eb1758825b426bcbf4bfb5eed682ca48bc46dc9e7d1930ec366ea574ad49fc6c1fd9e9e17ce243be0ef13e31fc4b0319d9093f1fb19743c
  languageName: node
  linkType: hard

"statuses@npm:~2.0.1, statuses@npm:~2.0.2":
  version: 2.0.2
  resolution: "statuses@npm:2.0.2"
  checksum: 10c0/a9947d98ad60d01f6b26727570f3bcceb6c8fa789da64fe6889908fe2e294d57503b14bf2b5af7605c2d36647259e856635cd4c49eab41667658ec9d0080ec3f
  languageName: node
  linkType: hard

"toidentifier@npm:~1.0.1":
  version: 1.0.1
  resolution: "toidentifier@npm:1.0.1"
  checksum: 10c0/93937279934bd66cc3270016dd8d0afec14fb7c94a05c72dc57321f8bd1fa97e5bea6d1f7c89e728d077ca31ea125b78320a616a6c6cd0e6b9cb94cb864381c1
  languageName: node
  linkType: hard

"type-is@npm:~1.6.18":
  version: 1.6.18
  resolution: "type-is@npm:1.6.18"
  dependencies:
    media-typer: "npm:0.3.0"
    mime-types: "npm:~2.1.24"
  checksum: 10c0/a23daeb538591b7efbd61ecf06b6feb2501b683ffdc9a19c74ef5baba362b4347e42f1b4ed81f5882a8c96a3bfff7f93ce3ffaf0cbbc879b532b04c97a55db9d
  languageName: node
  linkType: hard

"undici-types@npm:>=7.24.0 <7.24.7":
  version: 7.24.6
  resolution: "undici-types@npm:7.24.6"
  checksum: 10c0/d9cd8befb643ac904615c280a095ba4240531f6bb4a5e75a22a7483630ca8d3f1016d2ab6ace6ceda1f63b3a2db2fe037fafe121d6917a0187573aa548ff78ca
  languageName: node
  linkType: hard

"unpipe@npm:~1.0.0":
  version: 1.0.0
  resolution: "unpipe@npm:1.0.0"
  checksum: 10c0/193400255bd48968e5c5383730344fbb4fa114cdedfab26e329e50dd2d81b134244bb8a72c6ac1b10ab0281a58b363d06405632c9d49ca9dfd5e90cbd7d0f32c
  languageName: node
  linkType: hard

"utils-merge@npm:1.0.1":
  version: 1.0.1
  resolution: "utils-merge@npm:1.0.1"
  checksum: 10c0/02ba649de1b7ca8854bfe20a82f1dfbdda3fb57a22ab4a8972a63a34553cf7aa51bc9081cf7e001b035b88186d23689d69e71b510e610a09a4c66f68aa95b672
  languageName: node
  linkType: hard

"vary@npm:~1.1.2":
  version: 1.1.2
  resolution: "vary@npm:1.1.2"
  checksum: 10c0/f15d588d79f3675135ba783c91a4083dcd290a2a5be9fcb6514220a1634e23df116847b1cc51f66bfb0644cf9353b2abb7815ae499bab06e46dd33c1a6bf1f4f
  languageName: node
  linkType: hard

"wrappy@npm:1":
  version: 1.0.2
  resolution: "wrappy@npm:1.0.2"
  checksum: 10c0/56fece1a4018c6a6c8e28fbc88c87e0fbf4ea8fd64fc6c63b18f4acc4bd13e0ad2515189786dd2c30d3eec9663d70f4ecf699330002f8ccb547e4a18231fc9f0
  languageName: node
  linkType: hard
